
Microsoft Visual Studio Solution File, Format Version 12.00
# Visual Studio Version 16
VisualStudioVersion = 16.0.29911.84
MinimumVisualStudioVersion = 10.0.40219.1
Project("{8BC9CEB8-8B4A-11D0-8D11-00A0C91BC942}") = "4w_practice", "4w_practice\4w_practice.vcxproj", "{A68BB669-ED42-4178-B65C-06F907D437AF}"
EndProject
Global
	GlobalSection(SolutionConfigurationPlatforms) = preSolution
		Debug|x64 = Debug|x64
		Debug|x86 = Debug|x86
		Release|x64 = Release|x64
		Release|x86 = Release|x86
	EndGlobalSection
	GlobalSection(ProjectConfigurationPlatforms) = postSolution
		{A68BB669-ED42-4178-B65C-06F907D437AF}.Debug|x64.ActiveCfg = Debug|x64
		{A68BB669-ED42-4178-B65C-06F907D437AF}.Debug|x64.Build.0 = Debug|x64
		{A68BB669-ED42-4178-B65C-06F907D437AF}.Debug|x86.ActiveCfg = Debug|Win32
		{A68BB669-ED42-4178-B65C-06F907D437AF}.Debug|x86.Build.0 = Debug|Win32
		{A68BB669-ED42-4178-B65C-06F907D437AF}.Release|x64.ActiveCfg = Release|x64
		{A68BB669-ED42-4178-B65C-06F907D437AF}.Release|x64.Build.0 = Release|x64
		{A68BB669-ED42-4178-B65C-06F907D437AF}.Release|x86.ActiveCfg = Release|Win32
		{A68BB669-ED42-4178-B65C-06F907D437AF}.Release|x86.Build.0 = Release|Win32
	EndGlobalSection
	GlobalSection(SolutionProperties) = preSolution
		HideSolutionNode = FALSE
	EndGlobalSection
	GlobalSection(ExtensibilityGlobals) = postSolution
		SolutionGuid = {2EEDC152-31D9-4B66-BACF-AD747151164D}
	EndGlobalSection
EndGlobal
