
Microsoft Visual Studio Solution File, Format Version 12.00
# Visual Studio Version 16
VisualStudioVersion = 16.0.29911.84
MinimumVisualStudioVersion = 10.0.40219.1
Project("{8BC9CEB8-8B4A-11D0-8D11-00A0C91BC942}") = "9w_theory", "9w_theory\9w_theory.vcxproj", "{837A4B62-9A55-4C03-B771-3F243B34B8E8}"
EndProject
Global
	GlobalSection(SolutionConfigurationPlatforms) = preSolution
		Debug|x64 = Debug|x64
		Debug|x86 = Debug|x86
		Release|x64 = Release|x64
		Release|x86 = Release|x86
	EndGlobalSection
	GlobalSection(ProjectConfigurationPlatforms) = postSolution
		{837A4B62-9A55-4C03-B771-3F243B34B8E8}.Debug|x64.ActiveCfg = Debug|x64
		{837A4B62-9A55-4C03-B771-3F243B34B8E8}.Debug|x64.Build.0 = Debug|x64
		{837A4B62-9A55-4C03-B771-3F243B34B8E8}.Debug|x86.ActiveCfg = Debug|Win32
		{837A4B62-9A55-4C03-B771-3F243B34B8E8}.Debug|x86.Build.0 = Debug|Win32
		{837A4B62-9A55-4C03-B771-3F243B34B8E8}.Release|x64.ActiveCfg = Release|x64
		{837A4B62-9A55-4C03-B771-3F243B34B8E8}.Release|x64.Build.0 = Release|x64
		{837A4B62-9A55-4C03-B771-3F243B34B8E8}.Release|x86.ActiveCfg = Release|Win32
		{837A4B62-9A55-4C03-B771-3F243B34B8E8}.Release|x86.Build.0 = Release|Win32
	EndGlobalSection
	GlobalSection(SolutionProperties) = preSolution
		HideSolutionNode = FALSE
	EndGlobalSection
	GlobalSection(ExtensibilityGlobals) = postSolution
		SolutionGuid = {5066D2BD-07E0-4114-BFA3-0723E8EB3FED}
	EndGlobalSection
EndGlobal
