
Microsoft Visual Studio Solution File, Format Version 12.00
# Visual Studio Version 16
VisualStudioVersion = 16.0.29911.84
MinimumVisualStudioVersion = 10.0.40219.1
Project("{8BC9CEB8-8B4A-11D0-8D11-00A0C91BC942}") = "SimpleStudentList", "SimpleStudentList\SimpleStudentList.vcxproj", "{BEE61EDF-B8B3-427E-B859-F888BB5C3A8C}"
EndProject
Global
	GlobalSection(SolutionConfigurationPlatforms) = preSolution
		Debug|x64 = Debug|x64
		Debug|x86 = Debug|x86
		Release|x64 = Release|x64
		Release|x86 = Release|x86
	EndGlobalSection
	GlobalSection(ProjectConfigurationPlatforms) = postSolution
		{BEE61EDF-B8B3-427E-B859-F888BB5C3A8C}.Debug|x64.ActiveCfg = Debug|x64
		{BEE61EDF-B8B3-427E-B859-F888BB5C3A8C}.Debug|x64.Build.0 = Debug|x64
		{BEE61EDF-B8B3-427E-B859-F888BB5C3A8C}.Debug|x86.ActiveCfg = Debug|Win32
		{BEE61EDF-B8B3-427E-B859-F888BB5C3A8C}.Debug|x86.Build.0 = Debug|Win32
		{BEE61EDF-B8B3-427E-B859-F888BB5C3A8C}.Release|x64.ActiveCfg = Release|x64
		{BEE61EDF-B8B3-427E-B859-F888BB5C3A8C}.Release|x64.Build.0 = Release|x64
		{BEE61EDF-B8B3-427E-B859-F888BB5C3A8C}.Release|x86.ActiveCfg = Release|Win32
		{BEE61EDF-B8B3-427E-B859-F888BB5C3A8C}.Release|x86.Build.0 = Release|Win32
	EndGlobalSection
	GlobalSection(SolutionProperties) = preSolution
		HideSolutionNode = FALSE
	EndGlobalSection
	GlobalSection(ExtensibilityGlobals) = postSolution
		SolutionGuid = {E771D7BE-C012-407A-BD8B-68DA9B139ED4}
	EndGlobalSection
EndGlobal
